{
  "name": "opportunity-radar",
  "version": "0.2.0",
  "lockfileVersion": 3,
  "requires": true,
  "packages": {
    "": {
      "name": "opportunity-radar",
      "version": "0.2.0",
      "bin": {
        "opportunity-radar": "bin/opportunity-radar.mjs"
      },
      "engines": {
        "node": ">=18"
      }
    }
  }
}
